
Microsoft Visual Studio Solution File, Format Version 12.00
# Visual Studio Version 16
VisualStudioVersion = 16.0.29905.134
MinimumVisualStudioVersion = 10.0.40219.1
Project("{FAE04EC0-301F-11D3-BF4B-00C04F79EFBC}") = "Web_IIOT_Back", "Web_IIOT_Back\Web_IIOT_Back.csproj", "{A81F1E09-839D-48EC-9780-EA56BBF38BE8}"
EndProject
Global
	GlobalSection(SolutionConfigurationPlatforms) = preSolution
		Debug|Any CPU = Debug|Any CPU
		Release|Any CPU = Release|Any CPU
	EndGlobalSection
	GlobalSection(ProjectConfigurationPlatforms) = postSolution
		{A81F1E09-839D-48EC-9780-EA56BBF38BE8}.Debug|Any CPU.ActiveCfg = Debug|Any CPU
		{A81F1E09-839D-48EC-9780-EA56BBF38BE8}.Debug|Any CPU.Build.0 = Debug|Any CPU
		{A81F1E09-839D-48EC-9780-EA56BBF38BE8}.Release|Any CPU.ActiveCfg = Release|Any CPU
		{A81F1E09-839D-48EC-9780-EA56BBF38BE8}.Release|Any CPU.Build.0 = Release|Any CPU
	EndGlobalSection
	GlobalSection(SolutionProperties) = preSolution
		HideSolutionNode = FALSE
	EndGlobalSection
	GlobalSection(ExtensibilityGlobals) = postSolution
		SolutionGuid = {6C594C57-0EC9-4B9A-891A-A5168A7A98B6}
	EndGlobalSection
EndGlobal
